{
  "name": "xmr-proxy",
  "version": "0.1.0",
  "lockfileVersion": 3,
  "requires": true,
  "packages": {
    "": {
      "name": "xmr-proxy",
      "version": "0.1.0",
      "license": "LGPL-2.1",
      "dependencies": {
        "xmr-hashguard": "file:../xmr-hashguard",
        "xmr-mesh": "file:../xmr-mesh"
      },
      "bin": {
        "xmr-proxy": "bin/xmr-proxy.js"
      },
      "engines": {
        "node": ">=15.0.0"
      }
    },
    "../xmr-hashguard": {
      "version": "0.1.0",
      "license": "LGPL-2.1",
      "bin": {
        "xmrig-guard": "bin/xmrig-guard.js"
      },
      "engines": {
        "node": ">=15.0.0"
      }
    },
    "../xmr-mesh": {
      "version": "0.1.0",
      "license": "LGPL-2.1",
      "dependencies": {
        "ws": "^8.0.0"
      },
      "engines": {
        "node": ">=15.0.0"
      }
    },
    "node_modules/xmr-hashguard": {
      "resolved": "../xmr-hashguard",
      "link": true
    },
    "node_modules/xmr-mesh": {
      "resolved": "../xmr-mesh",
      "link": true
    }
  }
}
